// !$*UTF8*$!
{
	archiveVersion = 1;
	classes = {
	};
	objectVersion = 50;
	objects = {

/* Begin PBXBuildFile section */
		3C4952A923E5454A00D1B102 /* OrientationHelper.swift in Sources */ = {isa = PBXBuildFile; fileRef = 3C4952A823E5454A00D1B102 /* OrientationHelper.swift */; };
		3C4952AB23E5510D00D1B102 /* LifecycleViewController.swift in Sources */ = {isa = PBXBuildFile; fileRef = 3C4952AA23E5510D00D1B102 /* LifecycleViewController.swift */; };
		3C4952AF23E55A6900D1B102 /* DebugMessage.swift in Sources */ = {isa = PBXBuildFile; fileRef = 3C4952AE23E55A6900D1B102 /* DebugMessage.swift */; };
		3C53BE7423CA180E00CF3A6E /* ModelExample.swift in Sources */ = {isa = PBXBuildFile; fileRef = 3C53BE7323CA180E00CF3A6E /* ModelExample.swift */; };
		3C6F377E23EE5F7100D9B4DF /* APIError.swift in Sources */ = {isa = PBXBuildFile; fileRef = 3C6F377D23EE5F7100D9B4DF /* APIError.swift */; };
		3C93663623EDA8F900E8260A /* URLSessionWebService.swift in Sources */ = {isa = PBXBuildFile; fileRef = 3C93663523EDA8F900E8260A /* URLSessionWebService.swift */; };
		3C93663823EDB08500E8260A /* SomeRepository.swift in Sources */ = {isa = PBXBuildFile; fileRef = 3C93663723EDB08500E8260A /* SomeRepository.swift */; };
		3CB2443E23C4B86900027830 /* DecodableString.swift in Sources */ = {isa = PBXBuildFile; fileRef = 3CCB57FC23C4A8F600C259D2 /* DecodableString.swift */; };
		3CB9560523D4067400F1AB80 /* API_UserTests.swift in Sources */ = {isa = PBXBuildFile; fileRef = 3CB9560423D4067400F1AB80 /* API_UserTests.swift */; };
		3CCB57CC23C4A84D00C259D2 /* AppDelegate.swift in Sources */ = {isa = PBXBuildFile; fileRef = 3CCB57CB23C4A84D00C259D2 /* AppDelegate.swift */; };
		3CCB57CE23C4A84D00C259D2 /* SceneDelegate.swift in Sources */ = {isa = PBXBuildFile; fileRef = 3CCB57CD23C4A84D00C259D2 /* SceneDelegate.swift */; };
		3CCB57D023C4A84D00C259D2 /* ViewController.swift in Sources */ = {isa = PBXBuildFile; fileRef = 3CCB57CF23C4A84D00C259D2 /* ViewController.swift */; };
		3CCB57D323C4A84D00C259D2 /* Main.storyboard in Resources */ = {isa = PBXBuildFile; fileRef = 3CCB57D123C4A84D00C259D2 /* Main.storyboard */; };
		3CCB57D523C4A84F00C259D2 /* Assets.xcassets in Resources */ = {isa = PBXBuildFile; fileRef = 3CCB57D423C4A84F00C259D2 /* Assets.xcassets */; };
		3CCB57D823C4A84F00C259D2 /* LaunchScreen.storyboard in Resources */ = {isa = PBXBuildFile; fileRef = 3CCB57D623C4A84F00C259D2 /* LaunchScreen.storyboard */; };
		3CCB57E323C4A84F00C259D2 /* DecodableStringTest.swift in Sources */ = {isa = PBXBuildFile; fileRef = 3CCB57E223C4A84F00C259D2 /* DecodableStringTest.swift */; };
		3CCB57EE23C4A84F00C259D2 /* BestPracticeUITests.swift in Sources */ = {isa = PBXBuildFile; fileRef = 3CCB57ED23C4A84F00C259D2 /* BestPracticeUITests.swift */; };
		3CCB57FD23C4A8F600C259D2 /* DecodableString.swift in Sources */ = {isa = PBXBuildFile; fileRef = 3CCB57FC23C4A8F600C259D2 /* DecodableString.swift */; };
/* End PBXBuildFile section */

/* Begin PBXContainerItemProxy section */
		3CCB57DF23C4A84F00C259D2 /* PBXContainerItemProxy */ = {
			isa = PBXContainerItemProxy;
			containerPortal = 3CCB57C023C4A84D00C259D2 /* Project object */;
			proxyType = 1;
			remoteGlobalIDString = 3CCB57C723C4A84D00C259D2;
			remoteInfo = BestPractice;
		};
		3CCB57EA23C4A84F00C259D2 /* PBXContainerItemProxy */ = {
			isa = PBXContainerItemProxy;
			containerPortal = 3CCB57C023C4A84D00C259D2 /* Project object */;
			proxyType = 1;
			remoteGlobalIDString = 3CCB57C723C4A84D00C259D2;
			remoteInfo = BestPractice;
		};
/* End PBXContainerItemProxy section */

/* Begin PBXFileReference section */
		3C4952A823E5454A00D1B102 /* OrientationHelper.swift */ = {isa = PBXFileReference; lastKnownFileType = sourcecode.swift; path = OrientationHelper.swift; sourceTree = "<group>"; };
		3C4952AA23E5510D00D1B102 /* LifecycleViewController.swift */ = {isa = PBXFileReference; lastKnownFileType = sourcecode.swift; path = LifecycleViewController.swift; sourceTree = "<group>"; };
		3C4952AE23E55A6900D1B102 /* DebugMessage.swift */ = {isa = PBXFileReference; lastKnownFileType = sourcecode.swift; path = DebugMessage.swift; sourceTree = "<group>"; };
		3C53BE7323CA180E00CF3A6E /* ModelExample.swift */ = {isa = PBXFileReference; lastKnownFileType = sourcecode.swift; path = ModelExample.swift; sourceTree = "<group>"; };
		3C6F377D23EE5F7100D9B4DF /* APIError.swift */ = {isa = PBXFileReference; lastKnownFileType = sourcecode.swift; path = APIError.swift; sourceTree = "<group>"; };
		3C93663523EDA8F900E8260A /* URLSessionWebService.swift */ = {isa = PBXFileReference; lastKnownFileType = sourcecode.swift; path = URLSessionWebService.swift; sourceTree = "<group>"; };
		3C93663723EDB08500E8260A /* SomeRepository.swift */ = {isa = PBXFileReference; lastKnownFileType = sourcecode.swift; path = SomeRepository.swift; sourceTree = "<group>"; };
		3CB9560423D4067400F1AB80 /* API_UserTests.swift */ = {isa = PBXFileReference; lastKnownFileType = sourcecode.swift; path = API_UserTests.swift; sourceTree = "<group>"; };
		3CCB57C823C4A84D00C259D2 /* BestPractice.app */ = {isa = PBXFileReference; explicitFileType = wrapper.application; includeInIndex = 0; path = BestPractice.app; sourceTree = BUILT_PRODUCTS_DIR; };
		3CCB57CB23C4A84D00C259D2 /* AppDelegate.swift */ = {isa = PBXFileReference; lastKnownFileType = sourcecode.swift; path = AppDelegate.swift; sourceTree = "<group>"; };
		3CCB57CD23C4A84D00C259D2 /* SceneDelegate.swift */ = {isa = PBXFileReference; lastKnownFileType = sourcecode.swift; path = SceneDelegate.swift; sourceTree = "<group>"; };
		3CCB57CF23C4A84D00C259D2 /* ViewController.swift */ = {isa = PBXFileReference; lastKnownFileType = sourcecode.swift; path = ViewController.swift; sourceTree = "<group>"; };
		3CCB57D223C4A84D00C259D2 /* Base */ = {isa = PBXFileReference; lastKnownFileType = file.storyboard; name = Base; path = Base.lproj/Main.storyboard; sourceTree = "<group>"; };
		3CCB57D423C4A84F00C259D2 /* Assets.xcassets */ = {isa = PBXFileReference; lastKnownFileType = folder.assetcatalog; path = Assets.xcassets; sourceTree = "<group>"; };
		3CCB57D723C4A84F00C259D2 /* Base */ = {isa = PBXFileReference; lastKnownFileType = file.storyboard; name = Base; path = Base.lproj/LaunchScreen.storyboard; sourceTree = "<group>"; };
		3CCB57D923C4A84F00C259D2 /* Info.plist */ = {isa = PBXFileReference; lastKnownFileType = text.plist.xml; path = Info.plist; sourceTree = "<group>"; };
		3CCB57DE23C4A84F00C259D2 /* BestPracticeTests.xctest */ = {isa = PBXFileReference; explicitFileType = wrapper.cfbundle; includeInIndex = 0; path = BestPracticeTests.xctest; sourceTree = BUILT_PRODUCTS_DIR; };
		3CCB57E223C4A84F00C259D2 /* DecodableStringTest.swift */ = {isa = PBXFileReference; lastKnownFileType = sourcecode.swift; path = DecodableStringTest.swift; sourceTree = "<group>"; };
		3CCB57E423C4A84F00C259D2 /* Info.plist */ = {isa = PBXFileReference; lastKnownFileType = text.plist.xml; path = Info.plist; sourceTree = "<group>"; };
		3CCB57E923C4A84F00C259D2 /* BestPracticeUITests.xctest */ = {isa = PBXFileReference; explicitFileType = wrapper.cfbundle; includeInIndex = 0; path = BestPracticeUITests.xctest; sourceTree = BUILT_PRODUCTS_DIR; };
		3CCB57ED23C4A84F00C259D2 /* BestPracticeUITests.swift */ = {isa = PBXFileReference; lastKnownFileType = sourcecode.swift; path = BestPracticeUITests.swift; sourceTree = "<group>"; };
		3CCB57EF23C4A84F00C259D2 /* Info.plist */ = {isa = PBXFileReference; lastKnownFileType = text.plist.xml; path = Info.plist; sourceTree = "<group>"; };
		3CCB57FC23C4A8F600C259D2 /* DecodableString.swift */ = {isa = PBXFileReference; lastKnownFileType = sourcecode.swift; path = DecodableString.swift; sourceTree = "<group>"; };
/* End PBXFileReference section */

/* Begin PBXFrameworksBuildPhase section */
		3CCB57C523C4A84D00C259D2 /* Frameworks */ = {
			isa = PBXFrameworksBuildPhase;
			buildActionMask = 2147483647;
			files = (
			);
			runOnlyForDeploymentPostprocessing = 0;
		};
		3CCB57DB23C4A84F00C259D2 /* Frameworks */ = {
			isa = PBXFrameworksBuildPhase;
			buildActionMask = 2147483647;
			files = (
			);
			runOnlyForDeploymentPostprocessing = 0;
		};
		3CCB57E623C4A84F00C259D2 /* Frameworks */ = {
			isa = PBXFrameworksBuildPhase;
			buildActionMask = 2147483647;
			files = (
			);
			runOnlyForDeploymentPostprocessing = 0;
		};
/* End PBXFrameworksBuildPhase section */

/* Begin PBXGroup section */
		3C4952A723E5453C00D1B102 /* Orientatation */ = {
			isa = PBXGroup;
			children = (
				3C4952A823E5454A00D1B102 /* OrientationHelper.swift */,
			);
			path = Orientatation;
			sourceTree = "<group>";
		};
		3C4952AC23E5511600D1B102 /* LifecycleViewController */ = {
			isa = PBXGroup;
			children = (
				3C4952AA23E5510D00D1B102 /* LifecycleViewController.swift */,
			);
			path = LifecycleViewController;
			sourceTree = "<group>";
		};
		3C4952AD23E55A5F00D1B102 /* Misc */ = {
			isa = PBXGroup;
			children = (
				3C4952AE23E55A6900D1B102 /* DebugMessage.swift */,
			);
			path = Misc;
			sourceTree = "<group>";
		};
		3CA3DA2023C771C100F21791 /* Networking */ = {
			isa = PBXGroup;
			children = (
				3CCB57FC23C4A8F600C259D2 /* DecodableString.swift */,
				3C53BE7323CA180E00CF3A6E /* ModelExample.swift */,
				3C93663523EDA8F900E8260A /* URLSessionWebService.swift */,
				3C93663723EDB08500E8260A /* SomeRepository.swift */,
				3C6F377D23EE5F7100D9B4DF /* APIError.swift */,
			);
			path = Networking;
			sourceTree = "<group>";
		};
		3CCB57BF23C4A84D00C259D2 = {
			isa = PBXGroup;
			children = (
				3CCB57CA23C4A84D00C259D2 /* BestPractice */,
				3CCB57E123C4A84F00C259D2 /* BestPracticeTests */,
				3CCB57EC23C4A84F00C259D2 /* BestPracticeUITests */,
				3CCB57C923C4A84D00C259D2 /* Products */,
			);
			sourceTree = "<group>";
		};
		3CCB57C923C4A84D00C259D2 /* Products */ = {
			isa = PBXGroup;
			children = (
				3CCB57C823C4A84D00C259D2 /* BestPractice.app */,
				3CCB57DE23C4A84F00C259D2 /* BestPracticeTests.xctest */,
				3CCB57E923C4A84F00C259D2 /* BestPracticeUITests.xctest */,
			);
			name = Products;
			sourceTree = "<group>";
		};
		3CCB57CA23C4A84D00C259D2 /* BestPractice */ = {
			isa = PBXGroup;
			children = (
				3C4952AD23E55A5F00D1B102 /* Misc */,
				3C4952AC23E5511600D1B102 /* LifecycleViewController */,
				3C4952A723E5453C00D1B102 /* Orientatation */,
				3CA3DA2023C771C100F21791 /* Networking */,
				3CCB57CB23C4A84D00C259D2 /* AppDelegate.swift */,
				3CCB57CD23C4A84D00C259D2 /* SceneDelegate.swift */,
				3CCB57CF23C4A84D00C259D2 /* ViewController.swift */,
				3CCB57D123C4A84D00C259D2 /* Main.storyboard */,
				3CCB57D423C4A84F00C259D2 /* Assets.xcassets */,
				3CCB57D623C4A84F00C259D2 /* LaunchScreen.storyboard */,
				3CCB57D923C4A84F00C259D2 /* Info.plist */,
			);
			path = BestPractice;
			sourceTree = "<group>";
		};
		3CCB57E123C4A84F00C259D2 /* BestPracticeTests */ = {
			isa = PBXGroup;
			children = (
				3CCB57E223C4A84F00C259D2 /* DecodableStringTest.swift */,
				3CCB57E423C4A84F00C259D2 /* Info.plist */,
				3CB9560423D4067400F1AB80 /* API_UserTests.swift */,
			);
			path = BestPracticeTests;
			sourceTree = "<group>";
		};
		3CCB57EC23C4A84F00C259D2 /* BestPracticeUITests */ = {
			isa = PBXGroup;
			children = (
				3CCB57ED23C4A84F00C259D2 /* BestPracticeUITests.swift */,
				3CCB57EF23C4A84F00C259D2 /* Info.plist */,
			);
			path = BestPracticeUITests;
			sourceTree = "<group>";
		};
/* End PBXGroup section */

/* Begin PBXNativeTarget section */
		3CCB57C723C4A84D00C259D2 /* BestPractice */ = {
			isa = PBXNativeTarget;
			buildConfigurationList = 3CCB57F223C4A84F00C259D2 /* Build configuration list for PBXNativeTarget "BestPractice" */;
			buildPhases = (
				3CCB57C423C4A84D00C259D2 /* Sources */,
				3CCB57C523C4A84D00C259D2 /* Frameworks */,
				3CCB57C623C4A84D00C259D2 /* Resources */,
			);
			buildRules = (
			);
			dependencies = (
			);
			name = BestPractice;
			productName = BestPractice;
			productReference = 3CCB57C823C4A84D00C259D2 /* BestPractice.app */;
			productType = "com.apple.product-type.application";
		};
		3CCB57DD23C4A84F00C259D2 /* BestPracticeTests */ = {
			isa = PBXNativeTarget;
			buildConfigurationList = 3CCB57F523C4A84F00C259D2 /* Build configuration list for PBXNativeTarget "BestPracticeTests" */;
			buildPhases = (
				3CCB57DA23C4A84F00C259D2 /* Sources */,
				3CCB57DB23C4A84F00C259D2 /* Frameworks */,
				3CCB57DC23C4A84F00C259D2 /* Resources */,
			);
			buildRules = (
			);
			dependencies = (
				3CCB57E023C4A84F00C259D2 /* PBXTargetDependency */,
			);
			name = BestPracticeTests;
			productName = BestPracticeTests;
			productReference = 3CCB57DE23C4A84F00C259D2 /* BestPracticeTests.xctest */;
			productType = "com.apple.product-type.bundle.unit-test";
		};
		3CCB57E823C4A84F00C259D2 /* BestPracticeUITests */ = {
			isa = PBXNativeTarget;
			buildConfigurationList = 3CCB57F823C4A84F00C259D2 /* Build configuration list for PBXNativeTarget "BestPracticeUITests" */;
			buildPhases = (
				3CCB57E523C4A84F00C259D2 /* Sources */,
				3CCB57E623C4A84F00C259D2 /* Frameworks */,
				3CCB57E723C4A84F00C259D2 /* Resources */,
			);
			buildRules = (
			);
			dependencies = (
				3CCB57EB23C4A84F00C259D2 /* PBXTargetDependency */,
			);
			name = BestPracticeUITests;
			productName = BestPracticeUITests;
			productReference = 3CCB57E923C4A84F00C259D2 /* BestPracticeUITests.xctest */;
			productType = "com.apple.product-type.bundle.ui-testing";
		};
/* End PBXNativeTarget section */

/* Begin PBXProject section */
		3CCB57C023C4A84D00C259D2 /* Project object */ = {
			isa = PBXProject;
			attributes = {
				LastSwiftUpdateCheck = 1120;
				LastUpgradeCheck = 1120;
				ORGANIZATIONNAME = "Bach Le";
				TargetAttributes = {
					3CCB57C723C4A84D00C259D2 = {
						CreatedOnToolsVersion = 11.2.1;
					};
					3CCB57DD23C4A84F00C259D2 = {
						CreatedOnToolsVersion = 11.2.1;
						TestTargetID = 3CCB57C723C4A84D00C259D2;
					};
					3CCB57E823C4A84F00C259D2 = {
						CreatedOnToolsVersion = 11.2.1;
						TestTargetID = 3CCB57C723C4A84D00C259D2;
					};
				};
			};
			buildConfigurationList = 3CCB57C323C4A84D00C259D2 /* Build configuration list for PBXProject "BestPractice" */;
			compatibilityVersion = "Xcode 9.3";
			developmentRegion = en;
			hasScannedForEncodings = 0;
			knownRegions = (
				en,
				Base,
			);
			mainGroup = 3CCB57BF23C4A84D00C259D2;
			productRefGroup = 3CCB57C923C4A84D00C259D2 /* Products */;
			projectDirPath = "";
			projectRoot = "";
			targets = (
				3CCB57C723C4A84D00C259D2 /* BestPractice */,
				3CCB57DD23C4A84F00C259D2 /* BestPracticeTests */,
				3CCB57E823C4A84F00C259D2 /* BestPracticeUITests */,
			);
		};
/* End PBXProject section */

/* Begin PBXResourcesBuildPhase section */
		3CCB57C623C4A84D00C259D2 /* Resources */ = {
			isa = PBXResourcesBuildPhase;
			buildActionMask = 2147483647;
			files = (
				3CCB57D823C4A84F00C259D2 /* LaunchScreen.storyboard in Resources */,
				3CCB57D523C4A84F00C259D2 /* Assets.xcassets in Resources */,
				3CCB57D323C4A84D00C259D2 /* Main.storyboard in Resources */,
			);
			runOnlyForDeploymentPostprocessing = 0;
		};
		3CCB57DC23C4A84F00C259D2 /* Resources */ = {
			isa = PBXResourcesBuildPhase;
			buildActionMask = 2147483647;
			files = (
			);
			runOnlyForDeploymentPostprocessing = 0;
		};
		3CCB57E723C4A84F00C259D2 /* Resources */ = {
			isa = PBXResourcesBuildPhase;
			buildActionMask = 2147483647;
			files = (
			);
			runOnlyForDeploymentPostprocessing = 0;
		};
/* End PBXResourcesBuildPhase section */

/* Begin PBXSourcesBuildPhase section */
		3CCB57C423C4A84D00C259D2 /* Sources */ = {
			isa = PBXSourcesBuildPhase;
			buildActionMask = 2147483647;
			files = (
				3C93663623EDA8F900E8260A /* URLSessionWebService.swift in Sources */,
				3C53BE7423CA180E00CF3A6E /* ModelExample.swift in Sources */,
				3C4952AF23E55A6900D1B102 /* DebugMessage.swift in Sources */,
				3CCB57D023C4A84D00C259D2 /* ViewController.swift in Sources */,
				3C4952AB23E5510D00D1B102 /* LifecycleViewController.swift in Sources */,
				3C93663823EDB08500E8260A /* SomeRepository.swift in Sources */,
				3CCB57CC23C4A84D00C259D2 /* AppDelegate.swift in Sources */,
				3CCB57FD23C4A8F600C259D2 /* DecodableString.swift in Sources */,
				3C4952A923E5454A00D1B102 /* OrientationHelper.swift in Sources */,
				3CCB57CE23C4A84D00C259D2 /* SceneDelegate.swift in Sources */,
				3C6F377E23EE5F7100D9B4DF /* APIError.swift in Sources */,
			);
			runOnlyForDeploymentPostprocessing = 0;
		};
		3CCB57DA23C4A84F00C259D2 /* Sources */ = {
			isa = PBXSourcesBuildPhase;
			buildActionMask = 2147483647;
			files = (
				3CB2443E23C4B86900027830 /* DecodableString.swift in Sources */,
				3CCB57E323C4A84F00C259D2 /* DecodableStringTest.swift in Sources */,
				3CB9560523D4067400F1AB80 /* API_UserTests.swift in Sources */,
			);
			runOnlyForDeploymentPostprocessing = 0;
		};
		3CCB57E523C4A84F00C259D2 /* Sources */ = {
			isa = PBXSourcesBuildPhase;
			buildActionMask = 2147483647;
			files = (
				3CCB57EE23C4A84F00C259D2 /* BestPracticeUITests.swift in Sources */,
			);
			runOnlyForDeploymentPostprocessing = 0;
		};
/* End PBXSourcesBuildPhase section */

/* Begin PBXTargetDependency section */
		3CCB57E023C4A84F00C259D2 /* PBXTargetDependency */ = {
			isa = PBXTargetDependency;
			target = 3CCB57C723C4A84D00C259D2 /* BestPractice */;
			targetProxy = 3CCB57DF23C4A84F00C259D2 /* PBXContainerItemProxy */;
		};
		3CCB57EB23C4A84F00C259D2 /* PBXTargetDependency */ = {
			isa = PBXTargetDependency;
			target = 3CCB57C723C4A84D00C259D2 /* BestPractice */;
			targetProxy = 3CCB57EA23C4A84F00C259D2 /* PBXContainerItemProxy */;
		};
/* End PBXTargetDependency section */

/* Begin PBXVariantGroup section */
		3CCB57D123C4A84D00C259D2 /* Main.storyboard */ = {
			isa = PBXVariantGroup;
			children = (
				3CCB57D223C4A84D00C259D2 /* Base */,
			);
			name = Main.storyboard;
			sourceTree = "<group>";
		};
		3CCB57D623C4A84F00C259D2 /* LaunchScreen.storyboard */ = {
			isa = PBXVariantGroup;
			children = (
				3CCB57D723C4A84F00C259D2 /* Base */,
			);
			name = LaunchScreen.storyboard;
			sourceTree = "<group>";
		};
/* End PBXVariantGroup section */

/* Begin XCBuildConfiguration section */
		3CCB57F023C4A84F00C259D2 /* Debug */ = {
			isa = XCBuildConfiguration;
			buildSettings = {
				ALWAYS_SEARCH_USER_PATHS = NO;
				CLANG_ANALYZER_NONNULL = YES;
				CLANG_ANALYZER_NUMBER_OBJECT_CONVERSION = YES_AGGRESSIVE;
				CLANG_CXX_LANGUAGE_STANDARD = "gnu++14";
				CLANG_CXX_LIBRARY = "libc++";
				CLANG_ENABLE_MODULES = YES;
				CLANG_ENABLE_OBJC_ARC = YES;
				CLANG_ENABLE_OBJC_WEAK = YES;
				CLANG_WARN_BLOCK_CAPTURE_AUTORELEASING = YES;
				CLANG_WARN_BOOL_CONVERSION = YES;
				CLANG_WARN_COMMA = YES;
				CLANG_WARN_CONSTANT_CONVERSION = YES;
				CLANG_WARN_DEPRECATED_OBJC_IMPLEMENTATIONS = YES;
				CLANG_WARN_DIRECT_OBJC_ISA_USAGE = YES_ERROR;
				CLANG_WARN_DOCUMENTATION_COMMENTS = YES;
				CLANG_WARN_EMPTY_BODY = YES;
				CLANG_WARN_ENUM_CONVERSION = YES;
				CLANG_WARN_INFINITE_RECURSION = YES;
				CLANG_WARN_INT_CONVERSION = YES;
				CLANG_WARN_NON_LITERAL_NULL_CONVERSION = YES;
				CLANG_WARN_OBJC_IMPLICIT_RETAIN_SELF = YES;
				CLANG_WARN_OBJC_LITERAL_CONVERSION = YES;
				CLANG_WARN_OBJC_ROOT_CLASS = YES_ERROR;
				CLANG_WARN_RANGE_LOOP_ANALYSIS = YES;
				CLANG_WARN_STRICT_PROTOTYPES = YES;
				CLANG_WARN_SUSPICIOUS_MOVE = YES;
				CLANG_WARN_UNGUARDED_AVAILABILITY = YES_AGGRESSIVE;
				CLANG_WARN_UNREACHABLE_CODE = YES;
				CLANG_WARN__DUPLICATE_METHOD_MATCH = YES;
				COPY_PHASE_STRIP = NO;
				DEBUG_INFORMATION_FORMAT = dwarf;
				ENABLE_STRICT_OBJC_MSGSEND = YES;
				ENABLE_TESTABILITY = YES;
				GCC_C_LANGUAGE_STANDARD = gnu11;
				GCC_DYNAMIC_NO_PIC = NO;
				GCC_NO_COMMON_BLOCKS = YES;
				GCC_OPTIMIZATION_LEVEL = 0;
				GCC_PREPROCESSOR_DEFINITIONS = (
					"DEBUG=1",
					"$(inherited)",
				);
				GCC_WARN_64_TO_32_BIT_CONVERSION = YES;
				GCC_WARN_ABOUT_RETURN_TYPE = YES_ERROR;
				GCC_WARN_UNDECLARED_SELECTOR = YES;
				GCC_WARN_UNINITIALIZED_AUTOS = YES_AGGRESSIVE;
				GCC_WARN_UNUSED_FUNCTION = YES;
				GCC_WARN_UNUSED_VARIABLE = YES;
				IPHONEOS_DEPLOYMENT_TARGET = 13.2;
				MTL_ENABLE_DEBUG_INFO = INCLUDE_SOURCE;
				MTL_FAST_MATH = YES;
				ONLY_ACTIVE_ARCH = YES;
				SDKROOT = iphoneos;
				SWIFT_ACTIVE_COMPILATION_CONDITIONS = DEBUG;
				SWIFT_OPTIMIZATION_LEVEL = "-Onone";
			};
			name = Debug;
		};
		3CCB57F123C4A84F00C259D2 /* Release */ = {
			isa = XCBuildConfiguration;
			buildSettings = {
				ALWAYS_SEARCH_USER_PATHS = NO;
				CLANG_ANALYZER_NONNULL = YES;
				CLANG_ANALYZER_NUMBER_OBJECT_CONVERSION = YES_AGGRESSIVE;
				CLANG_CXX_LANGUAGE_STANDARD = "gnu++14";
				CLANG_CXX_LIBRARY = "libc++";
				CLANG_ENABLE_MODULES = YES;
				CLANG_ENABLE_OBJC_ARC = YES;
				CLANG_ENABLE_OBJC_WEAK = YES;
				CLANG_WARN_BLOCK_CAPTURE_AUTORELEASING = YES;
				CLANG_WARN_BOOL_CONVERSION = YES;
				CLANG_WARN_COMMA = YES;
				CLANG_WARN_CONSTANT_CONVERSION = YES;
				CLANG_WARN_DEPRECATED_OBJC_IMPLEMENTATIONS = YES;
				CLANG_WARN_DIRECT_OBJC_ISA_USAGE = YES_ERROR;
				CLANG_WARN_DOCUMENTATION_COMMENTS = YES;
				CLANG_WARN_EMPTY_BODY = YES;
				CLANG_WARN_ENUM_CONVERSION = YES;
				CLANG_WARN_INFINITE_RECURSION = YES;
				CLANG_WARN_INT_CONVERSION = YES;
				CLANG_WARN_NON_LITERAL_NULL_CONVERSION = YES;
				CLANG_WARN_OBJC_IMPLICIT_RETAIN_SELF = YES;
				CLANG_WARN_OBJC_LITERAL_CONVERSION = YES;
				CLANG_WARN_OBJC_ROOT_CLASS = YES_ERROR;
				CLANG_WARN_RANGE_LOOP_ANALYSIS = YES;
				CLANG_WARN_STRICT_PROTOTYPES = YES;
				CLANG_WARN_SUSPICIOUS_MOVE = YES;
				CLANG_WARN_UNGUARDED_AVAILABILITY = YES_AGGRESSIVE;
				CLANG_WARN_UNREACHABLE_CODE = YES;
				CLANG_WARN__DUPLICATE_METHOD_MATCH = YES;
				COPY_PHASE_STRIP = NO;
				DEBUG_INFORMATION_FORMAT = "dwarf-with-dsym";
				ENABLE_NS_ASSERTIONS = NO;
				ENABLE_STRICT_OBJC_MSGSEND = YES;
				GCC_C_LANGUAGE_STANDARD = gnu11;
				GCC_NO_COMMON_BLOCKS = YES;
				GCC_WARN_64_TO_32_BIT_CONVERSION = YES;
				GCC_WARN_ABOUT_RETURN_TYPE = YES_ERROR;
				GCC_WARN_UNDECLARED_SELECTOR = YES;
				GCC_WARN_UNINITIALIZED_AUTOS = YES_AGGRESSIVE;
				GCC_WARN_UNUSED_FUNCTION = YES;
				GCC_WARN_UNUSED_VARIABLE = YES;
				IPHONEOS_DEPLOYMENT_TARGET = 13.2;
				MTL_ENABLE_DEBUG_INFO = NO;
				MTL_FAST_MATH = YES;
				SDKROOT = iphoneos;
				SWIFT_COMPILATION_MODE = wholemodule;
				SWIFT_OPTIMIZATION_LEVEL = "-O";
				VALIDATE_PRODUCT = YES;
			};
			name = Release;
		};
		3CCB57F323C4A84F00C259D2 /* Debug */ = {
			isa = XCBuildConfiguration;
			buildSettings = {
				ASSETCATALOG_COMPILER_APPICON_NAME = AppIcon;
				CODE_SIGN_STYLE = Automatic;
				INFOPLIST_FILE = BestPractice/Info.plist;
				LD_RUNPATH_SEARCH_PATHS = (
					"$(inherited)",
					"@executable_path/Frameworks",
				);
				PRODUCT_BUNDLE_IDENTIFIER = vn.bachld.BestPractice;
				PRODUCT_NAME = "$(TARGET_NAME)";
				SWIFT_VERSION = 5.0;
				TARGETED_DEVICE_FAMILY = "1,2";
			};
			name = Debug;
		};
		3CCB57F423C4A84F00C259D2 /* Release */ = {
			isa = XCBuildConfiguration;
			buildSettings = {
				ASSETCATALOG_COMPILER_APPICON_NAME = AppIcon;
				CODE_SIGN_STYLE = Automatic;
				INFOPLIST_FILE = BestPractice/Info.plist;
				LD_RUNPATH_SEARCH_PATHS = (
					"$(inherited)",
					"@executable_path/Frameworks",
				);
				PRODUCT_BUNDLE_IDENTIFIER = vn.bachld.BestPractice;
				PRODUCT_NAME = "$(TARGET_NAME)";
				SWIFT_VERSION = 5.0;
				TARGETED_DEVICE_FAMILY = "1,2";
			};
			name = Release;
		};
		3CCB57F623C4A84F00C259D2 /* Debug */ = {
			isa = XCBuildConfiguration;
			buildSettings = {
				ALWAYS_EMBED_SWIFT_STANDARD_LIBRARIES = YES;
				BUNDLE_LOADER = "$(TEST_HOST)";
				CODE_SIGN_STYLE = Automatic;
				INFOPLIST_FILE = BestPracticeTests/Info.plist;
				IPHONEOS_DEPLOYMENT_TARGET = 13.2;
				LD_RUNPATH_SEARCH_PATHS = (
					"$(inherited)",
					"@executable_path/Frameworks",
					"@loader_path/Frameworks",
				);
				PRODUCT_BUNDLE_IDENTIFIER = vn.bachld.BestPracticeTests;
				PRODUCT_NAME = "$(TARGET_NAME)";
				SWIFT_VERSION = 5.0;
				TARGETED_DEVICE_FAMILY = "1,2";
				TEST_HOST = "$(BUILT_PRODUCTS_DIR)/BestPractice.app/BestPractice";
			};
			name = Debug;
		};
		3CCB57F723C4A84F00C259D2 /* Release */ = {
			isa = XCBuildConfiguration;
			buildSettings = {
				ALWAYS_EMBED_SWIFT_STANDARD_LIBRARIES = YES;
				BUNDLE_LOADER = "$(TEST_HOST)";
				CODE_SIGN_STYLE = Automatic;
				INFOPLIST_FILE = BestPracticeTests/Info.plist;
				IPHONEOS_DEPLOYMENT_TARGET = 13.2;
				LD_RUNPATH_SEARCH_PATHS = (
					"$(inherited)",
					"@executable_path/Frameworks",
					"@loader_path/Frameworks",
				);
				PRODUCT_BUNDLE_IDENTIFIER = vn.bachld.BestPracticeTests;
				PRODUCT_NAME = "$(TARGET_NAME)";
				SWIFT_VERSION = 5.0;
				TARGETED_DEVICE_FAMILY = "1,2";
				TEST_HOST = "$(BUILT_PRODUCTS_DIR)/BestPractice.app/BestPractice";
			};
			name = Release;
		};
		3CCB57F923C4A84F00C259D2 /* Debug */ = {
			isa = XCBuildConfiguration;
			buildSettings = {
				ALWAYS_EMBED_SWIFT_STANDARD_LIBRARIES = YES;
				CODE_SIGN_STYLE = Automatic;
				INFOPLIST_FILE = BestPracticeUITests/Info.plist;
				LD_RUNPATH_SEARCH_PATHS = (
					"$(inherited)",
					"@executable_path/Frameworks",
					"@loader_path/Frameworks",
				);
				PRODUCT_BUNDLE_IDENTIFIER = vn.bachld.BestPracticeUITests;
				PRODUCT_NAME = "$(TARGET_NAME)";
				SWIFT_VERSION = 5.0;
				TARGETED_DEVICE_FAMILY = "1,2";
				TEST_TARGET_NAME = BestPractice;
			};
			name = Debug;
		};
		3CCB57FA23C4A84F00C259D2 /* Release */ = {
			isa = XCBuildConfiguration;
			buildSettings = {
				ALWAYS_EMBED_SWIFT_STANDARD_LIBRARIES = YES;
				CODE_SIGN_STYLE = Automatic;
				INFOPLIST_FILE = BestPracticeUITests/Info.plist;
				LD_RUNPATH_SEARCH_PATHS = (
					"$(inherited)",
					"@executable_path/Frameworks",
					"@loader_path/Frameworks",
				);
				PRODUCT_BUNDLE_IDENTIFIER = vn.bachld.BestPracticeUITests;
				PRODUCT_NAME = "$(TARGET_NAME)";
				SWIFT_VERSION = 5.0;
				TARGETED_DEVICE_FAMILY = "1,2";
				TEST_TARGET_NAME = BestPractice;
			};
			name = Release;
		};
/* End XCBuildConfiguration section */

/* Begin XCConfigurationList section */
		3CCB57C323C4A84D00C259D2 /* Build configuration list for PBXProject "BestPractice" */ = {
			isa = XCConfigurationList;
			buildConfigurations = (
				3CCB57F023C4A84F00C259D2 /* Debug */,
				3CCB57F123C4A84F00C259D2 /* Release */,
			);
			defaultConfigurationIsVisible = 0;
			defaultConfigurationName = Release;
		};
		3CCB57F223C4A84F00C259D2 /* Build configuration list for PBXNativeTarget "BestPractice" */ = {
			isa = XCConfigurationList;
			buildConfigurations = (
				3CCB57F323C4A84F00C259D2 /* Debug */,
				3CCB57F423C4A84F00C259D2 /* Release */,
			);
			defaultConfigurationIsVisible = 0;
			defaultConfigurationName = Release;
		};
		3CCB57F523C4A84F00C259D2 /* Build configuration list for PBXNativeTarget "BestPracticeTests" */ = {
			isa = XCConfigurationList;
			buildConfigurations = (
				3CCB57F623C4A84F00C259D2 /* Debug */,
				3CCB57F723C4A84F00C259D2 /* Release */,
			);
			defaultConfigurationIsVisible = 0;
			defaultConfigurationName = Release;
		};
		3CCB57F823C4A84F00C259D2 /* Build configuration list for PBXNativeTarget "BestPracticeUITests" */ = {
			isa = XCConfigurationList;
			buildConfigurations = (
				3CCB57F923C4A84F00C259D2 /* Debug */,
				3CCB57FA23C4A84F00C259D2 /* Release */,
			);
			defaultConfigurationIsVisible = 0;
			defaultConfigurationName = Release;
		};
/* End XCConfigurationList section */
	};
	rootObject = 3CCB57C023C4A84D00C259D2 /* Project object */;
}
